{
  "name": "@innova2/ngx-http-helper",
  "version": "2.0.6",
  "lockfileVersion": 2,
  "requires": true,
  "packages": {
    "": {
      "name": "@innova2/ngx-http-helper",
      "version": "2.0.6",
      "dependencies": {
        "tslib": "^2.3.0"
      },
      "peerDependencies": {
        "@angular/common": "^19.0.0",
        "@angular/core": "^19.0.0",
        "@innova2/url-builder": "^4.0.0"
      }
    },
    "node_modules/@angular/common": {
      "version": "19.1.7",
      "resolved": "https://registry.npmjs.org/@angular/common/-/common-19.1.7.tgz",
      "integrity": "sha512-MXfUGfWeesTQ12HXgeoVIXsS+r1jZxT2FkLQtqS+NRsRD4T1vlyvD7kTI+Ku1NAjdt3mB8TJ0cZHubvmml8I+Q==",
      "license": "MIT",
      "peer": true,
      "dependencies": {
        "tslib": "^2.3.0"
      },
      "engines": {
        "node": "^18.19.1 || ^20.11.1 || >=22.0.0"
      },
      "peerDependencies": {
        "@angular/core": "19.1.7",
        "rxjs": "^6.5.3 || ^7.4.0"
      }
    },
    "node_modules/@angular/core": {
      "version": "19.1.7",
      "resolved": "https://registry.npmjs.org/@angular/core/-/core-19.1.7.tgz",
      "integrity": "sha512-P+e4ekJYWMFhWSzJav0R51bFAfUhIOmnqmG9mlI/ZONu2qcTTmyIG9AW5x1qhrMHEH42RaeK60RkKyqgcHaGDg==",
      "license": "MIT",
      "peer": true,
      "dependencies": {
        "tslib": "^2.3.0"
      },
      "engines": {
        "node": "^18.19.1 || ^20.11.1 || >=22.0.0"
      },
      "peerDependencies": {
        "rxjs": "^6.5.3 || ^7.4.0",
        "zone.js": "~0.15.0"
      }
    },
    "node_modules/@innova2/url-builder": {
      "version": "4.0.0",
      "resolved": "https://registry.npmjs.org/@innova2/url-builder/-/url-builder-4.0.0.tgz",
      "integrity": "sha512-mxxJe/V0/uW0sMoHDfj27Hcl6fc29pOD60+ph6oS3WGwZEDngFUrZxmDF8JdePkrFtJ58VwFj5Eai0gFyRd/4w==",
      "peer": true
    },
    "node_modules/rxjs": {
      "version": "7.8.1",
      "resolved": "https://registry.npmjs.org/rxjs/-/rxjs-7.8.1.tgz",
      "integrity": "sha512-AA3TVj+0A2iuIoQkWEK/tqFjBq2j+6PO6Y0zJcvzLAFhEFIO3HL0vls9hWLncZbAAbK0mar7oZ4V079I/qPMxg==",
      "peer": true,
      "dependencies": {
        "tslib": "^2.1.0"
      }
    },
    "node_modules/tslib": {
      "version": "2.5.3",
      "resolved": "https://registry.npmjs.org/tslib/-/tslib-2.5.3.tgz",
      "integrity": "sha512-mSxlJJwl3BMEQCUNnxXBU9jP4JBktcEGhURcPR6VQVlnP0FdDEsIaz0C35dXNGLyRfrATNofF0F5p2KPxQgB+w=="
    },
    "node_modules/zone.js": {
      "version": "0.15.0",
      "resolved": "https://registry.npmjs.org/zone.js/-/zone.js-0.15.0.tgz",
      "integrity": "sha512-9oxn0IIjbCZkJ67L+LkhYWRyAy7axphb3VgE2MBDlOqnmHMPWGYMxJxBYFueFq/JGY2GMwS0rU+UCLunEmy5UA==",
      "license": "MIT",
      "peer": true
    }
  },
  "dependencies": {
    "@angular/common": {
      "version": "19.1.7",
      "resolved": "https://registry.npmjs.org/@angular/common/-/common-19.1.7.tgz",
      "integrity": "sha512-MXfUGfWeesTQ12HXgeoVIXsS+r1jZxT2FkLQtqS+NRsRD4T1vlyvD7kTI+Ku1NAjdt3mB8TJ0cZHubvmml8I+Q==",
      "peer": true,
      "requires": {
        "tslib": "^2.3.0"
      }
    },
    "@angular/core": {
      "version": "19.1.7",
      "resolved": "https://registry.npmjs.org/@angular/core/-/core-19.1.7.tgz",
      "integrity": "sha512-P+e4ekJYWMFhWSzJav0R51bFAfUhIOmnqmG9mlI/ZONu2qcTTmyIG9AW5x1qhrMHEH42RaeK60RkKyqgcHaGDg==",
      "peer": true,
      "requires": {
        "tslib": "^2.3.0"
      }
    },
    "@innova2/url-builder": {
      "version": "4.0.0",
      "resolved": "https://registry.npmjs.org/@innova2/url-builder/-/url-builder-4.0.0.tgz",
      "integrity": "sha512-mxxJe/V0/uW0sMoHDfj27Hcl6fc29pOD60+ph6oS3WGwZEDngFUrZxmDF8JdePkrFtJ58VwFj5Eai0gFyRd/4w==",
      "peer": true
    },
    "rxjs": {
      "version": "7.8.1",
      "resolved": "https://registry.npmjs.org/rxjs/-/rxjs-7.8.1.tgz",
      "integrity": "sha512-AA3TVj+0A2iuIoQkWEK/tqFjBq2j+6PO6Y0zJcvzLAFhEFIO3HL0vls9hWLncZbAAbK0mar7oZ4V079I/qPMxg==",
      "peer": true,
      "requires": {
        "tslib": "^2.1.0"
      }
    },
    "tslib": {
      "version": "2.5.3",
      "resolved": "https://registry.npmjs.org/tslib/-/tslib-2.5.3.tgz",
      "integrity": "sha512-mSxlJJwl3BMEQCUNnxXBU9jP4JBktcEGhURcPR6VQVlnP0FdDEsIaz0C35dXNGLyRfrATNofF0F5p2KPxQgB+w=="
    },
    "zone.js": {
      "version": "0.15.0",
      "resolved": "https://registry.npmjs.org/zone.js/-/zone.js-0.15.0.tgz",
      "integrity": "sha512-9oxn0IIjbCZkJ67L+LkhYWRyAy7axphb3VgE2MBDlOqnmHMPWGYMxJxBYFueFq/JGY2GMwS0rU+UCLunEmy5UA==",
      "peer": true
    }
  }
}
