{
  "name": "@innova2/ngx-http-helper",
  "version": "1.1.1",
  "lockfileVersion": 2,
  "requires": true,
  "packages": {
    "": {
      "name": "@innova2/ngx-http-helper",
      "version": "1.1.1",
      "dependencies": {
        "tslib": "^2.3.0"
      },
      "peerDependencies": {
        "@angular/common": "^16.0.0",
        "@angular/core": "^16.0.0",
        "@innova2/url-builder": "^3.0.1",
        "@ionic/storage-angular": "^4.0.0",
        "ionic-cache": "^6.0.3"
      }
    },
    "node_modules/@angular/common": {
      "version": "16.0.4",
      "resolved": "https://registry.npmjs.org/@angular/common/-/common-16.0.4.tgz",
      "integrity": "sha512-EX1u46Lwc0uGcc0jjaxFHcnkuXusytYcjcd9pc+7eNNIi9nvLJDRmd8VyZ12ozc6ynBO6vt0mFSpIpjUVsTheQ==",
      "peer": true,
      "dependencies": {
        "tslib": "^2.3.0"
      },
      "engines": {
        "node": "^16.14.0 || >=18.10.0"
      },
      "peerDependencies": {
        "@angular/core": "16.0.4",
        "rxjs": "^6.5.3 || ^7.4.0"
      }
    },
    "node_modules/@angular/core": {
      "version": "16.0.4",
      "resolved": "https://registry.npmjs.org/@angular/core/-/core-16.0.4.tgz",
      "integrity": "sha512-Lp/qGJt0NFFTKQHofaMjCdGYfVwGCyhBtcbioaTqi1wA5OwXfMZX5MgHZXl1KlnZs1YVqM8vO/Z/4kOxgYXvNQ==",
      "peer": true,
      "dependencies": {
        "tslib": "^2.3.0"
      },
      "engines": {
        "node": "^16.14.0 || >=18.10.0"
      },
      "peerDependencies": {
        "rxjs": "^6.5.3 || ^7.4.0",
        "zone.js": "~0.13.0"
      }
    },
    "node_modules/@innova2/url-builder": {
      "version": "3.0.1",
      "resolved": "https://registry.npmjs.org/@innova2/url-builder/-/url-builder-3.0.1.tgz",
      "integrity": "sha512-aWQO76lJHR7tvgEoF2OBnsCQ//m5f5czKWBcC35VKVsLmsab1yvE0keabIRvJ+RCEsdZvBBaGjrnepBtG4tPpw==",
      "peer": true,
      "dependencies": {
        "url-parse": "^1.5.10"
      }
    },
    "node_modules/@ionic/storage": {
      "version": "4.0.0",
      "resolved": "https://registry.npmjs.org/@ionic/storage/-/storage-4.0.0.tgz",
      "integrity": "sha512-3N21P19Xk6cICLnSXZ3ilRqbSXAGSFeIF3HNqz+1kARcm0UFT/vwmZreaXtFyq437vvEWOfJ2enlj3JHLKS0FA==",
      "peer": true,
      "dependencies": {
        "localforage": "^1.9.0"
      }
    },
    "node_modules/@ionic/storage-angular": {
      "version": "4.0.0",
      "resolved": "https://registry.npmjs.org/@ionic/storage-angular/-/storage-angular-4.0.0.tgz",
      "integrity": "sha512-FeSmCMCm1bMRfu5TFSqLtjdfEo/dLLUhLIrPmbhSYomVZdV/dNn4mBZv9SabyxSqn4bF31hw40y+4buhG+durQ==",
      "peer": true,
      "dependencies": {
        "@ionic/storage": "^4.0.0",
        "tslib": "^2.3.0"
      },
      "peerDependencies": {
        "@angular/core": "*",
        "rxjs": "*"
      }
    },
    "node_modules/immediate": {
      "version": "3.0.6",
      "resolved": "https://registry.npmjs.org/immediate/-/immediate-3.0.6.tgz",
      "integrity": "sha512-XXOFtyqDjNDAQxVfYxuF7g9Il/IbWmmlQg2MYKOH8ExIT1qg6xc4zyS3HaEEATgs1btfzxq15ciUiY7gjSXRGQ==",
      "peer": true
    },
    "node_modules/ionic-cache": {
      "version": "6.0.3",
      "resolved": "https://registry.npmjs.org/ionic-cache/-/ionic-cache-6.0.3.tgz",
      "integrity": "sha512-jlnFC5aVW6bslP8m4a4U287kwpfY5ZzKD0EhO6ko+coYwIsC2VXgcTDPheH7F5ydgW5ioyCq6Z2gkSPYDDe21w==",
      "peer": true,
      "dependencies": {
        "tslib": "^2.0.0"
      },
      "peerDependencies": {
        "@angular/common": ">=9.0.0",
        "@angular/core": ">=9.0.0",
        "@ionic/storage-angular": ">=3"
      }
    },
    "node_modules/lie": {
      "version": "3.1.1",
      "resolved": "https://registry.npmjs.org/lie/-/lie-3.1.1.tgz",
      "integrity": "sha512-RiNhHysUjhrDQntfYSfY4MU24coXXdEOgw9WGcKHNeEwffDYbF//u87M1EWaMGzuFoSbqW0C9C6lEEhDOAswfw==",
      "peer": true,
      "dependencies": {
        "immediate": "~3.0.5"
      }
    },
    "node_modules/localforage": {
      "version": "1.10.0",
      "resolved": "https://registry.npmjs.org/localforage/-/localforage-1.10.0.tgz",
      "integrity": "sha512-14/H1aX7hzBBmmh7sGPd+AOMkkIrHM3Z1PAyGgZigA1H1p5O5ANnMyWzvpAETtG68/dC4pC0ncy3+PPGzXZHPg==",
      "peer": true,
      "dependencies": {
        "lie": "3.1.1"
      }
    },
    "node_modules/querystringify": {
      "version": "2.2.0",
      "resolved": "https://registry.npmjs.org/querystringify/-/querystringify-2.2.0.tgz",
      "integrity": "sha512-FIqgj2EUvTa7R50u0rGsyTftzjYmv/a3hO345bZNrqabNqjtgiDMgmo4mkUjd+nzU5oF3dClKqFIPUKybUyqoQ==",
      "peer": true
    },
    "node_modules/requires-port": {
      "version": "1.0.0",
      "resolved": "https://registry.npmjs.org/requires-port/-/requires-port-1.0.0.tgz",
      "integrity": "sha512-KigOCHcocU3XODJxsu8i/j8T9tzT4adHiecwORRQ0ZZFcp7ahwXuRU1m+yuO90C5ZUyGeGfocHDI14M3L3yDAQ==",
      "peer": true
    },
    "node_modules/rxjs": {
      "version": "7.8.1",
      "resolved": "https://registry.npmjs.org/rxjs/-/rxjs-7.8.1.tgz",
      "integrity": "sha512-AA3TVj+0A2iuIoQkWEK/tqFjBq2j+6PO6Y0zJcvzLAFhEFIO3HL0vls9hWLncZbAAbK0mar7oZ4V079I/qPMxg==",
      "peer": true,
      "dependencies": {
        "tslib": "^2.1.0"
      }
    },
    "node_modules/tslib": {
      "version": "2.5.3",
      "resolved": "https://registry.npmjs.org/tslib/-/tslib-2.5.3.tgz",
      "integrity": "sha512-mSxlJJwl3BMEQCUNnxXBU9jP4JBktcEGhURcPR6VQVlnP0FdDEsIaz0C35dXNGLyRfrATNofF0F5p2KPxQgB+w=="
    },
    "node_modules/url-parse": {
      "version": "1.5.10",
      "resolved": "https://registry.npmjs.org/url-parse/-/url-parse-1.5.10.tgz",
      "integrity": "sha512-WypcfiRhfeUP9vvF0j6rw0J3hrWrw6iZv3+22h6iRMJ/8z1Tj6XfLP4DsUix5MhMPnXpiHDoKyoZ/bdCkwBCiQ==",
      "peer": true,
      "dependencies": {
        "querystringify": "^2.1.1",
        "requires-port": "^1.0.0"
      }
    },
    "node_modules/zone.js": {
      "version": "0.13.0",
      "resolved": "https://registry.npmjs.org/zone.js/-/zone.js-0.13.0.tgz",
      "integrity": "sha512-7m3hNNyswsdoDobCkYNAy5WiUulkMd3+fWaGT9ij6iq3Zr/IwJo4RMCYPSDjT+r7tnPErmY9sZpKhWQ8S5k6XQ==",
      "peer": true,
      "dependencies": {
        "tslib": "^2.3.0"
      }
    }
  },
  "dependencies": {
    "@angular/common": {
      "version": "16.0.4",
      "resolved": "https://registry.npmjs.org/@angular/common/-/common-16.0.4.tgz",
      "integrity": "sha512-EX1u46Lwc0uGcc0jjaxFHcnkuXusytYcjcd9pc+7eNNIi9nvLJDRmd8VyZ12ozc6ynBO6vt0mFSpIpjUVsTheQ==",
      "peer": true,
      "requires": {
        "tslib": "^2.3.0"
      }
    },
    "@angular/core": {
      "version": "16.0.4",
      "resolved": "https://registry.npmjs.org/@angular/core/-/core-16.0.4.tgz",
      "integrity": "sha512-Lp/qGJt0NFFTKQHofaMjCdGYfVwGCyhBtcbioaTqi1wA5OwXfMZX5MgHZXl1KlnZs1YVqM8vO/Z/4kOxgYXvNQ==",
      "peer": true,
      "requires": {
        "tslib": "^2.3.0"
      }
    },
    "@innova2/url-builder": {
      "version": "3.0.1",
      "resolved": "https://registry.npmjs.org/@innova2/url-builder/-/url-builder-3.0.1.tgz",
      "integrity": "sha512-aWQO76lJHR7tvgEoF2OBnsCQ//m5f5czKWBcC35VKVsLmsab1yvE0keabIRvJ+RCEsdZvBBaGjrnepBtG4tPpw==",
      "peer": true,
      "requires": {
        "url-parse": "^1.5.10"
      }
    },
    "@ionic/storage": {
      "version": "4.0.0",
      "resolved": "https://registry.npmjs.org/@ionic/storage/-/storage-4.0.0.tgz",
      "integrity": "sha512-3N21P19Xk6cICLnSXZ3ilRqbSXAGSFeIF3HNqz+1kARcm0UFT/vwmZreaXtFyq437vvEWOfJ2enlj3JHLKS0FA==",
      "peer": true,
      "requires": {
        "localforage": "^1.9.0"
      }
    },
    "@ionic/storage-angular": {
      "version": "4.0.0",
      "resolved": "https://registry.npmjs.org/@ionic/storage-angular/-/storage-angular-4.0.0.tgz",
      "integrity": "sha512-FeSmCMCm1bMRfu5TFSqLtjdfEo/dLLUhLIrPmbhSYomVZdV/dNn4mBZv9SabyxSqn4bF31hw40y+4buhG+durQ==",
      "peer": true,
      "requires": {
        "@ionic/storage": "^4.0.0",
        "tslib": "^2.3.0"
      }
    },
    "immediate": {
      "version": "3.0.6",
      "resolved": "https://registry.npmjs.org/immediate/-/immediate-3.0.6.tgz",
      "integrity": "sha512-XXOFtyqDjNDAQxVfYxuF7g9Il/IbWmmlQg2MYKOH8ExIT1qg6xc4zyS3HaEEATgs1btfzxq15ciUiY7gjSXRGQ==",
      "peer": true
    },
    "ionic-cache": {
      "version": "6.0.3",
      "resolved": "https://registry.npmjs.org/ionic-cache/-/ionic-cache-6.0.3.tgz",
      "integrity": "sha512-jlnFC5aVW6bslP8m4a4U287kwpfY5ZzKD0EhO6ko+coYwIsC2VXgcTDPheH7F5ydgW5ioyCq6Z2gkSPYDDe21w==",
      "peer": true,
      "requires": {
        "tslib": "^2.0.0"
      }
    },
    "lie": {
      "version": "3.1.1",
      "resolved": "https://registry.npmjs.org/lie/-/lie-3.1.1.tgz",
      "integrity": "sha512-RiNhHysUjhrDQntfYSfY4MU24coXXdEOgw9WGcKHNeEwffDYbF//u87M1EWaMGzuFoSbqW0C9C6lEEhDOAswfw==",
      "peer": true,
      "requires": {
        "immediate": "~3.0.5"
      }
    },
    "localforage": {
      "version": "1.10.0",
      "resolved": "https://registry.npmjs.org/localforage/-/localforage-1.10.0.tgz",
      "integrity": "sha512-14/H1aX7hzBBmmh7sGPd+AOMkkIrHM3Z1PAyGgZigA1H1p5O5ANnMyWzvpAETtG68/dC4pC0ncy3+PPGzXZHPg==",
      "peer": true,
      "requires": {
        "lie": "3.1.1"
      }
    },
    "querystringify": {
      "version": "2.2.0",
      "resolved": "https://registry.npmjs.org/querystringify/-/querystringify-2.2.0.tgz",
      "integrity": "sha512-FIqgj2EUvTa7R50u0rGsyTftzjYmv/a3hO345bZNrqabNqjtgiDMgmo4mkUjd+nzU5oF3dClKqFIPUKybUyqoQ==",
      "peer": true
    },
    "requires-port": {
      "version": "1.0.0",
      "resolved": "https://registry.npmjs.org/requires-port/-/requires-port-1.0.0.tgz",
      "integrity": "sha512-KigOCHcocU3XODJxsu8i/j8T9tzT4adHiecwORRQ0ZZFcp7ahwXuRU1m+yuO90C5ZUyGeGfocHDI14M3L3yDAQ==",
      "peer": true
    },
    "rxjs": {
      "version": "7.8.1",
      "resolved": "https://registry.npmjs.org/rxjs/-/rxjs-7.8.1.tgz",
      "integrity": "sha512-AA3TVj+0A2iuIoQkWEK/tqFjBq2j+6PO6Y0zJcvzLAFhEFIO3HL0vls9hWLncZbAAbK0mar7oZ4V079I/qPMxg==",
      "peer": true,
      "requires": {
        "tslib": "^2.1.0"
      }
    },
    "tslib": {
      "version": "2.5.3",
      "resolved": "https://registry.npmjs.org/tslib/-/tslib-2.5.3.tgz",
      "integrity": "sha512-mSxlJJwl3BMEQCUNnxXBU9jP4JBktcEGhURcPR6VQVlnP0FdDEsIaz0C35dXNGLyRfrATNofF0F5p2KPxQgB+w=="
    },
    "url-parse": {
      "version": "1.5.10",
      "resolved": "https://registry.npmjs.org/url-parse/-/url-parse-1.5.10.tgz",
      "integrity": "sha512-WypcfiRhfeUP9vvF0j6rw0J3hrWrw6iZv3+22h6iRMJ/8z1Tj6XfLP4DsUix5MhMPnXpiHDoKyoZ/bdCkwBCiQ==",
      "peer": true,
      "requires": {
        "querystringify": "^2.1.1",
        "requires-port": "^1.0.0"
      }
    },
    "zone.js": {
      "version": "0.13.0",
      "resolved": "https://registry.npmjs.org/zone.js/-/zone.js-0.13.0.tgz",
      "integrity": "sha512-7m3hNNyswsdoDobCkYNAy5WiUulkMd3+fWaGT9ij6iq3Zr/IwJo4RMCYPSDjT+r7tnPErmY9sZpKhWQ8S5k6XQ==",
      "peer": true,
      "requires": {
        "tslib": "^2.3.0"
      }
    }
  }
}
